// !$*UTF8*$!
{
	archiveVersion = 1;
	classes = {
	};
	objectVersion = 56;
	objects = {

/* Begin PBXBuildFile section */
		7B99096B2AE158B200A538BC /* CalorieCalculatorApp.swift in Sources */ = {isa = PBXBuildFile; fileRef = 7B99096A2AE158B200A538BC /* CalorieCalculatorApp.swift */; };
		7B99096D2AE158B200A538BC /* ContentView.swift in Sources */ = {isa = PBXBuildFile; fileRef = 7B99096C2AE158B200A538BC /* ContentView.swift */; };
		7B99096F2AE158B400A538BC /* Assets.xcassets in Resources */ = {isa = PBXBuildFile; fileRef = 7B99096E2AE158B400A538BC /* Assets.xcassets */; };
		7B9909722AE158B400A538BC /* Preview Assets.xcassets in Resources */ = {isa = PBXBuildFile; fileRef = 7B9909712AE158B400A538BC /* Preview Assets.xcassets */; };
		7B99097D2AE1594700A538BC /* FoodModel.xcdatamodeld in Sources */ = {isa = PBXBuildFile; fileRef = 7B99097B2AE1594700A538BC /* FoodModel.xcdatamodeld */; };
		7B99097F2AE159AE00A538BC /* DataController.swift in Sources */ = {isa = PBXBuildFile; fileRef = 7B99097E2AE159AE00A538BC /* DataController.swift */; };
		7B9909852AE1A93100A538BC /* AddFoodView.swift in Sources */ = {isa = PBXBuildFile; fileRef = 7B9909842AE1A93100A538BC /* AddFoodView.swift */; };
		7B9909882AE1B2A900A538BC /* AddFoodViewViewModel.swift in Sources */ = {isa = PBXBuildFile; fileRef = 7B9909872AE1B2A900A538BC /* AddFoodViewViewModel.swift */; };
		7B9F6AE52AE6ADE60044B998 /* TimeFormatting.swift in Sources */ = {isa = PBXBuildFile; fileRef = 7B9F6AE42AE6ADE60044B998 /* TimeFormatting.swift */; };
		7B9F6AE72AE805F50044B998 /* EditFoodView.swift in Sources */ = {isa = PBXBuildFile; fileRef = 7B9F6AE62AE805F50044B998 /* EditFoodView.swift */; };
/* End PBXBuildFile section */

/* Begin PBXFileReference section */
		7B9909672AE158B200A538BC /* CalorieCalculator.app */ = {isa = PBXFileReference; explicitFileType = wrapper.application; includeInIndex = 0; path = CalorieCalculator.app; sourceTree = BUILT_PRODUCTS_DIR; };
		7B99096A2AE158B200A538BC /* CalorieCalculatorApp.swift */ = {isa = PBXFileReference; lastKnownFileType = sourcecode.swift; path = CalorieCalculatorApp.swift; sourceTree = "<group>"; };
		7B99096C2AE158B200A538BC /* ContentView.swift */ = {isa = PBXFileReference; lastKnownFileType = sourcecode.swift; path = ContentView.swift; sourceTree = "<group>"; };
		7B99096E2AE158B400A538BC /* Assets.xcassets */ = {isa = PBXFileReference; lastKnownFileType = folder.assetcatalog; path = Assets.xcassets; sourceTree = "<group>"; };
		7B9909712AE158B400A538BC /* Preview Assets.xcassets */ = {isa = PBXFileReference; lastKnownFileType = folder.assetcatalog; path = "Preview Assets.xcassets"; sourceTree = "<group>"; };
		7B99097C2AE1594700A538BC /* FoodModel.xcdatamodel */ = {isa = PBXFileReference; lastKnownFileType = wrapper.xcdatamodel; path = FoodModel.xcdatamodel; sourceTree = "<group>"; };
		7B99097E2AE159AE00A538BC /* DataController.swift */ = {isa = PBXFileReference; lastKnownFileType = sourcecode.swift; path = DataController.swift; sourceTree = "<group>"; };
		7B9909842AE1A93100A538BC /* AddFoodView.swift */ = {isa = PBXFileReference; lastKnownFileType = sourcecode.swift; path = AddFoodView.swift; sourceTree = "<group>"; };
		7B9909872AE1B2A900A538BC /* AddFoodViewViewModel.swift */ = {isa = PBXFileReference; lastKnownFileType = sourcecode.swift; path = AddFoodViewViewModel.swift; sourceTree = "<group>"; };
		7B9F6AE42AE6ADE60044B998 /* TimeFormatting.swift */ = {isa = PBXFileReference; lastKnownFileType = sourcecode.swift; path = TimeFormatting.swift; sourceTree = "<group>"; };
		7B9F6AE62AE805F50044B998 /* EditFoodView.swift */ = {isa = PBXFileReference; lastKnownFileType = sourcecode.swift; path = EditFoodView.swift; sourceTree = "<group>"; };
/* End PBXFileReference section */

/* Begin PBXFrameworksBuildPhase section */
		7B9909642AE158B200A538BC /* Frameworks */ = {
			isa = PBXFrameworksBuildPhase;
			buildActionMask = 2147483647;
			files = (
			);
			runOnlyForDeploymentPostprocessing = 0;
		};
/* End PBXFrameworksBuildPhase section */

/* Begin PBXGroup section */
		7B99095E2AE158B200A538BC = {
			isa = PBXGroup;
			children = (
				7B9909692AE158B200A538BC /* CalorieCalculator */,
				7B9909682AE158B200A538BC /* Products */,
			);
			sourceTree = "<group>";
		};
		7B9909682AE158B200A538BC /* Products */ = {
			isa = PBXGroup;
			children = (
				7B9909672AE158B200A538BC /* CalorieCalculator.app */,
			);
			name = Products;
			sourceTree = "<group>";
		};
		7B9909692AE158B200A538BC /* CalorieCalculator */ = {
			isa = PBXGroup;
			children = (
				7B9909782AE158D200A538BC /* Views */,
				7B9909862AE1B28D00A538BC /* ViewModels */,
				7B99097A2AE158FB00A538BC /* Others */,
				7B9909792AE158E700A538BC /* Model */,
				7B99096E2AE158B400A538BC /* Assets.xcassets */,
				7B9909702AE158B400A538BC /* Preview Content */,
			);
			path = CalorieCalculator;
			sourceTree = "<group>";
		};
		7B9909702AE158B400A538BC /* Preview Content */ = {
			isa = PBXGroup;
			children = (
				7B9909712AE158B400A538BC /* Preview Assets.xcassets */,
			);
			path = "Preview Content";
			sourceTree = "<group>";
		};
		7B9909782AE158D200A538BC /* Views */ = {
			isa = PBXGroup;
			children = (
				7B99096C2AE158B200A538BC /* ContentView.swift */,
				7B9909842AE1A93100A538BC /* AddFoodView.swift */,
				7B9F6AE62AE805F50044B998 /* EditFoodView.swift */,
			);
			path = Views;
			sourceTree = "<group>";
		};
		7B9909792AE158E700A538BC /* Model */ = {
			isa = PBXGroup;
			children = (
				7B99097B2AE1594700A538BC /* FoodModel.xcdatamodeld */,
				7B99097E2AE159AE00A538BC /* DataController.swift */,
			);
			path = Model;
			sourceTree = "<group>";
		};
		7B99097A2AE158FB00A538BC /* Others */ = {
			isa = PBXGroup;
			children = (
				7B99096A2AE158B200A538BC /* CalorieCalculatorApp.swift */,
				7B9F6AE42AE6ADE60044B998 /* TimeFormatting.swift */,
			);
			path = Others;
			sourceTree = "<group>";
		};
		7B9909862AE1B28D00A538BC /* ViewModels */ = {
			isa = PBXGroup;
			children = (
				7B9909872AE1B2A900A538BC /* AddFoodViewViewModel.swift */,
			);
			path = ViewModels;
			sourceTree = "<group>";
		};
/* End PBXGroup section */

/* Begin PBXNativeTarget section */
		7B9909662AE158B200A538BC /* CalorieCalculator */ = {
			isa = PBXNativeTarget;
			buildConfigurationList = 7B9909752AE158B400A538BC /* Build configuration list for PBXNativeTarget "CalorieCalculator" */;
			buildPhases = (
				7B9909632AE158B200A538BC /* Sources */,
				7B9909642AE158B200A538BC /* Frameworks */,
				7B9909652AE158B200A538BC /* Resources */,
			);
			buildRules = (
			);
			dependencies = (
			);
			name = CalorieCalculator;
			productName = CalorieCalculator;
			productReference = 7B9909672AE158B200A538BC /* CalorieCalculator.app */;
			productType = "com.apple.product-type.application";
		};
/* End PBXNativeTarget section */

/* Begin PBXProject section */
		7B99095F2AE158B200A538BC /* Project object */ = {
			isa = PBXProject;
			attributes = {
				BuildIndependentTargetsInParallel = 1;
				LastSwiftUpdateCheck = 1500;
				LastUpgradeCheck = 1500;
				TargetAttributes = {
					7B9909662AE158B200A538BC = {
						CreatedOnToolsVersion = 15.0;
					};
				};
			};
			buildConfigurationList = 7B9909622AE158B200A538BC /* Build configuration list for PBXProject "CalorieCalculator" */;
			compatibilityVersion = "Xcode 14.0";
			developmentRegion = en;
			hasScannedForEncodings = 0;
			knownRegions = (
				en,
				Base,
			);
			mainGroup = 7B99095E2AE158B200A538BC;
			productRefGroup = 7B9909682AE158B200A538BC /* Products */;
			projectDirPath = "";
			projectRoot = "";
			targets = (
				7B9909662AE158B200A538BC /* CalorieCalculator */,
			);
		};
/* End PBXProject section */

/* Begin PBXResourcesBuildPhase section */
		7B9909652AE158B200A538BC /* Resources */ = {
			isa = PBXResourcesBuildPhase;
			buildActionMask = 2147483647;
			files = (
				7B9909722AE158B400A538BC /* Preview Assets.xcassets in Resources */,
				7B99096F2AE158B400A538BC /* Assets.xcassets in Resources */,
			);
			runOnlyForDeploymentPostprocessing = 0;
		};
/* End PBXResourcesBuildPhase section */

/* Begin PBXSourcesBuildPhase section */
		7B9909632AE158B200A538BC /* Sources */ = {
			isa = PBXSourcesBuildPhase;
			buildActionMask = 2147483647;
			files = (
				7B9909852AE1A93100A538BC /* AddFoodView.swift in Sources */,
				7B9F6AE52AE6ADE60044B998 /* TimeFormatting.swift in Sources */,
				7B9909882AE1B2A900A538BC /* AddFoodViewViewModel.swift in Sources */,
				7B99096D2AE158B200A538BC /* ContentView.swift in Sources */,
				7B99097F2AE159AE00A538BC /* DataController.swift in Sources */,
				7B99096B2AE158B200A538BC /* CalorieCalculatorApp.swift in Sources */,
				7B9F6AE72AE805F50044B998 /* EditFoodView.swift in Sources */,
				7B99097D2AE1594700A538BC /* FoodModel.xcdatamodeld in Sources */,
			);
			runOnlyForDeploymentPostprocessing = 0;
		};
/* End PBXSourcesBuildPhase section */

/* Begin XCBuildConfiguration section */
		7B9909732AE158B400A538BC /* Debug */ = {
			isa = XCBuildConfiguration;
			buildSettings = {
				ALWAYS_SEARCH_USER_PATHS = NO;
				ASSETCATALOG_COMPILER_GENERATE_SWIFT_ASSET_SYMBOL_EXTENSIONS = YES;
				CLANG_ANALYZER_NONNULL = YES;
				CLANG_ANALYZER_NUMBER_OBJECT_CONVERSION = YES_AGGRESSIVE;
				CLANG_CXX_LANGUAGE_STANDARD = "gnu++20";
				CLANG_ENABLE_MODULES = YES;
				CLANG_ENABLE_OBJC_ARC = YES;
				CLANG_ENABLE_OBJC_WEAK = YES;
				CLANG_WARN_BLOCK_CAPTURE_AUTORELEASING = YES;
				CLANG_WARN_BOOL_CONVERSION = YES;
				CLANG_WARN_COMMA = YES;
				CLANG_WARN_CONSTANT_CONVERSION = YES;
				CLANG_WARN_DEPRECATED_OBJC_IMPLEMENTATIONS = YES;
				CLANG_WARN_DIRECT_OBJC_ISA_USAGE = YES_ERROR;
				CLANG_WARN_DOCUMENTATION_COMMENTS = YES;
				CLANG_WARN_EMPTY_BODY = YES;
				CLANG_WARN_ENUM_CONVERSION = YES;
				CLANG_WARN_INFINITE_RECURSION = YES;
				CLANG_WARN_INT_CONVERSION = YES;
				CLANG_WARN_NON_LITERAL_NULL_CONVERSION = YES;
				CLANG_WARN_OBJC_IMPLICIT_RETAIN_SELF = YES;
				CLANG_WARN_OBJC_LITERAL_CONVERSION = YES;
				CLANG_WARN_OBJC_ROOT_CLASS = YES_ERROR;
				CLANG_WARN_QUOTED_INCLUDE_IN_FRAMEWORK_HEADER = YES;
				CLANG_WARN_RANGE_LOOP_ANALYSIS = YES;
				CLANG_WARN_STRICT_PROTOTYPES = YES;
				CLANG_WARN_SUSPICIOUS_MOVE = YES;
				CLANG_WARN_UNGUARDED_AVAILABILITY = YES_AGGRESSIVE;
				CLANG_WARN_UNREACHABLE_CODE = YES;
				CLANG_WARN__DUPLICATE_METHOD_MATCH = YES;
				COPY_PHASE_STRIP = NO;
				DEBUG_INFORMATION_FORMAT = dwarf;
				ENABLE_STRICT_OBJC_MSGSEND = YES;
				ENABLE_TESTABILITY = YES;
				ENABLE_USER_SCRIPT_SANDBOXING = YES;
				GCC_C_LANGUAGE_STANDARD = gnu17;
				GCC_DYNAMIC_NO_PIC = NO;
				GCC_NO_COMMON_BLOCKS = YES;
				GCC_OPTIMIZATION_LEVEL = 0;
				GCC_PREPROCESSOR_DEFINITIONS = (
					"DEBUG=1",
					"$(inherited)",
				);
				GCC_WARN_64_TO_32_BIT_CONVERSION = YES;
				GCC_WARN_ABOUT_RETURN_TYPE = YES_ERROR;
				GCC_WARN_UNDECLARED_SELECTOR = YES;
				GCC_WARN_UNINITIALIZED_AUTOS = YES_AGGRESSIVE;
				GCC_WARN_UNUSED_FUNCTION = YES;
				GCC_WARN_UNUSED_VARIABLE = YES;
				IPHONEOS_DEPLOYMENT_TARGET = 17.0;
				LOCALIZATION_PREFERS_STRING_CATALOGS = YES;
				MTL_ENABLE_DEBUG_INFO = INCLUDE_SOURCE;
				MTL_FAST_MATH = YES;
				ONLY_ACTIVE_ARCH = YES;
				SDKROOT = iphoneos;
				SWIFT_ACTIVE_COMPILATION_CONDITIONS = "DEBUG $(inherited)";
				SWIFT_OPTIMIZATION_LEVEL = "-Onone";
			};
			name = Debug;
		};
		7B9909742AE158B400A538BC /* Release */ = {
			isa = XCBuildConfiguration;
			buildSettings = {
				ALWAYS_SEARCH_USER_PATHS = NO;
				ASSETCATALOG_COMPILER_GENERATE_SWIFT_ASSET_SYMBOL_EXTENSIONS = YES;
				CLANG_ANALYZER_NONNULL = YES;
				CLANG_ANALYZER_NUMBER_OBJECT_CONVERSION = YES_AGGRESSIVE;
				CLANG_CXX_LANGUAGE_STANDARD = "gnu++20";
				CLANG_ENABLE_MODULES = YES;
				CLANG_ENABLE_OBJC_ARC = YES;
				CLANG_ENABLE_OBJC_WEAK = YES;
				CLANG_WARN_BLOCK_CAPTURE_AUTORELEASING = YES;
				CLANG_WARN_BOOL_CONVERSION = YES;
				CLANG_WARN_COMMA = YES;
				CLANG_WARN_CONSTANT_CONVERSION = YES;
				CLANG_WARN_DEPRECATED_OBJC_IMPLEMENTATIONS = YES;
				CLANG_WARN_DIRECT_OBJC_ISA_USAGE = YES_ERROR;
				CLANG_WARN_DOCUMENTATION_COMMENTS = YES;
				CLANG_WARN_EMPTY_BODY = YES;
				CLANG_WARN_ENUM_CONVERSION = YES;
				CLANG_WARN_INFINITE_RECURSION = YES;
				CLANG_WARN_INT_CONVERSION = YES;
				CLANG_WARN_NON_LITERAL_NULL_CONVERSION = YES;
				CLANG_WARN_OBJC_IMPLICIT_RETAIN_SELF = YES;
				CLANG_WARN_OBJC_LITERAL_CONVERSION = YES;
				CLANG_WARN_OBJC_ROOT_CLASS = YES_ERROR;
				CLANG_WARN_QUOTED_INCLUDE_IN_FRAMEWORK_HEADER = YES;
				CLANG_WARN_RANGE_LOOP_ANALYSIS = YES;
				CLANG_WARN_STRICT_PROTOTYPES = YES;
				CLANG_WARN_SUSPICIOUS_MOVE = YES;
				CLANG_WARN_UNGUARDED_AVAILABILITY = YES_AGGRESSIVE;
				CLANG_WARN_UNREACHABLE_CODE = YES;
				CLANG_WARN__DUPLICATE_METHOD_MATCH = YES;
				COPY_PHASE_STRIP = NO;
				DEBUG_INFORMATION_FORMAT = "dwarf-with-dsym";
				ENABLE_NS_ASSERTIONS = NO;
				ENABLE_STRICT_OBJC_MSGSEND = YES;
				ENABLE_USER_SCRIPT_SANDBOXING = YES;
				GCC_C_LANGUAGE_STANDARD = gnu17;
				GCC_NO_COMMON_BLOCKS = YES;
				GCC_WARN_64_TO_32_BIT_CONVERSION = YES;
				GCC_WARN_ABOUT_RETURN_TYPE = YES_ERROR;
				GCC_WARN_UNDECLARED_SELECTOR = YES;
				GCC_WARN_UNINITIALIZED_AUTOS = YES_AGGRESSIVE;
				GCC_WARN_UNUSED_FUNCTION = YES;
				GCC_WARN_UNUSED_VARIABLE = YES;
				IPHONEOS_DEPLOYMENT_TARGET = 17.0;
				LOCALIZATION_PREFERS_STRING_CATALOGS = YES;
				MTL_ENABLE_DEBUG_INFO = NO;
				MTL_FAST_MATH = YES;
				SDKROOT = iphoneos;
				SWIFT_COMPILATION_MODE = wholemodule;
				VALIDATE_PRODUCT = YES;
			};
			name = Release;
		};
		7B9909762AE158B400A538BC /* Debug */ = {
			isa = XCBuildConfiguration;
			buildSettings = {
				ASSETCATALOG_COMPILER_APPICON_NAME = AppIcon;
				ASSETCATALOG_COMPILER_GLOBAL_ACCENT_COLOR_NAME = AccentColor;
				CODE_SIGN_STYLE = Automatic;
				CURRENT_PROJECT_VERSION = 1;
				DEVELOPMENT_ASSET_PATHS = "\"CalorieCalculator/Preview Content\"";
				DEVELOPMENT_TEAM = 7SVX56GQRH;
				ENABLE_PREVIEWS = YES;
				GENERATE_INFOPLIST_FILE = YES;
				INFOPLIST_KEY_UIApplicationSceneManifest_Generation = YES;
				INFOPLIST_KEY_UIApplicationSupportsIndirectInputEvents = YES;
				INFOPLIST_KEY_UILaunchScreen_Generation = YES;
				INFOPLIST_KEY_UISupportedInterfaceOrientations_iPad = "UIInterfaceOrientationPortrait UIInterfaceOrientationPortraitUpsideDown UIInterfaceOrientationLandscapeLeft UIInterfaceOrientationLandscapeRight";
				INFOPLIST_KEY_UISupportedInterfaceOrientations_iPhone = "UIInterfaceOrientationPortrait UIInterfaceOrientationLandscapeLeft UIInterfaceOrientationLandscapeRight";
				LD_RUNPATH_SEARCH_PATHS = (
					"$(inherited)",
					"@executable_path/Frameworks",
				);
				MARKETING_VERSION = 1.0;
				PRODUCT_BUNDLE_IDENTIFIER = com.shauryaproject.CalorieCalculator;
				PRODUCT_NAME = "$(TARGET_NAME)";
				SWIFT_EMIT_LOC_STRINGS = YES;
				SWIFT_VERSION = 5.0;
				TARGETED_DEVICE_FAMILY = "1,2";
			};
			name = Debug;
		};
		7B9909772AE158B400A538BC /* Release */ = {
			isa = XCBuildConfiguration;
			buildSettings = {
				ASSETCATALOG_COMPILER_APPICON_NAME = AppIcon;
				ASSETCATALOG_COMPILER_GLOBAL_ACCENT_COLOR_NAME = AccentColor;
				CODE_SIGN_STYLE = Automatic;
				CURRENT_PROJECT_VERSION = 1;
				DEVELOPMENT_ASSET_PATHS = "\"CalorieCalculator/Preview Content\"";
				DEVELOPMENT_TEAM = 7SVX56GQRH;
				ENABLE_PREVIEWS = YES;
				GENERATE_INFOPLIST_FILE = YES;
				INFOPLIST_KEY_UIApplicationSceneManifest_Generation = YES;
				INFOPLIST_KEY_UIApplicationSupportsIndirectInputEvents = YES;
				INFOPLIST_KEY_UILaunchScreen_Generation = YES;
				INFOPLIST_KEY_UISupportedInterfaceOrientations_iPad = "UIInterfaceOrientationPortrait UIInterfaceOrientationPortraitUpsideDown UIInterfaceOrientationLandscapeLeft UIInterfaceOrientationLandscapeRight";
				INFOPLIST_KEY_UISupportedInterfaceOrientations_iPhone = "UIInterfaceOrientationPortrait UIInterfaceOrientationLandscapeLeft UIInterfaceOrientationLandscapeRight";
				LD_RUNPATH_SEARCH_PATHS = (
					"$(inherited)",
					"@executable_path/Frameworks",
				);
				MARKETING_VERSION = 1.0;
				PRODUCT_BUNDLE_IDENTIFIER = com.shauryaproject.CalorieCalculator;
				PRODUCT_NAME = "$(TARGET_NAME)";
				SWIFT_EMIT_LOC_STRINGS = YES;
				SWIFT_VERSION = 5.0;
				TARGETED_DEVICE_FAMILY = "1,2";
			};
			name = Release;
		};
/* End XCBuildConfiguration section */

/* Begin XCConfigurationList section */
		7B9909622AE158B200A538BC /* Build configuration list for PBXProject "CalorieCalculator" */ = {
			isa = XCConfigurationList;
			buildConfigurations = (
				7B9909732AE158B400A538BC /* Debug */,
				7B9909742AE158B400A538BC /* Release */,
			);
			defaultConfigurationIsVisible = 0;
			defaultConfigurationName = Release;
		};
		7B9909752AE158B400A538BC /* Build configuration list for PBXNativeTarget "CalorieCalculator" */ = {
			isa = XCConfigurationList;
			buildConfigurations = (
				7B9909762AE158B400A538BC /* Debug */,
				7B9909772AE158B400A538BC /* Release */,
			);
			defaultConfigurationIsVisible = 0;
			defaultConfigurationName = Release;
		};
/* End XCConfigurationList section */

/* Begin XCVersionGroup section */
		7B99097B2AE1594700A538BC /* FoodModel.xcdatamodeld */ = {
			isa = XCVersionGroup;
			children = (
				7B99097C2AE1594700A538BC /* FoodModel.xcdatamodel */,
			);
			currentVersion = 7B99097C2AE1594700A538BC /* FoodModel.xcdatamodel */;
			path = FoodModel.xcdatamodeld;
			sourceTree = "<group>";
			versionGroupType = wrapper.xcdatamodel;
		};
/* End XCVersionGroup section */
	};
	rootObject = 7B99095F2AE158B200A538BC /* Project object */;
}
